PODS:
  - UserDefaultsProperty (2.0.0)

DEPENDENCIES:
  - UserDefaultsProperty (from `../`)

EXTERNAL SOURCES:
  UserDefaultsProperty:
    :path: "../"

SPEC CHECKSUMS:
  UserDefaultsProperty: 5356ddba69bbe3ca49e6e999e30e20913bc953a3

PODFILE CHECKSUM: 857e494103e757316b53b3c408b6016ef577dd4b

COCOAPODS: 1.10.0
