PODS:
  - UserDefaultsProperty (2.0.1)

DEPENDENCIES:
  - UserDefaultsProperty (from `../`)

EXTERNAL SOURCES:
  UserDefaultsProperty:
    :path: "../"

SPEC CHECKSUMS:
  UserDefaultsProperty: 353f23768bd2b33ecd105ab25521df38ac59b3ec

PODFILE CHECKSUM: 857e494103e757316b53b3c408b6016ef577dd4b

COCOAPODS: 1.10.0
